// !$*UTF8*$!
{
	archiveVersion = 1;
	classes = {
	};
	objectVersion = 46;
	objects = {

/* Begin PBXBuildFile section */
		39FFF9146E21B31415B66868 /* Pods_SwiftLabb1Tests.framework in Frameworks */ = {isa = PBXBuildFile; fileRef = 10FD6075C042CFB7002156CE /* Pods_SwiftLabb1Tests.framework */; };
		72454FC91E5B2BDF00379733 /* JSONHelper.swift in Sources */ = {isa = PBXBuildFile; fileRef = 72454FC81E5B2BDF00379733 /* JSONHelper.swift */; };
		72594F691E57076B00ED0812 /* SearchViewController.swift in Sources */ = {isa = PBXBuildFile; fileRef = 72594F681E57076B00ED0812 /* SearchViewController.swift */; };
		72594F6B1E5708FD00ED0812 /* TableViewController.swift in Sources */ = {isa = PBXBuildFile; fileRef = 72594F6A1E5708FD00ED0812 /* TableViewController.swift */; };
		72FCF15F1E5C829500FA8664 /* InformationViewController.swift in Sources */ = {isa = PBXBuildFile; fileRef = 72FCF15E1E5C829500FA8664 /* InformationViewController.swift */; };
		72FFF0F21E55CB6E004C10B3 /* AppDelegate.swift in Sources */ = {isa = PBXBuildFile; fileRef = 72FFF0F11E55CB6E004C10B3 /* AppDelegate.swift */; };
		72FFF0F71E55CB6E004C10B3 /* Main.storyboard in Resources */ = {isa = PBXBuildFile; fileRef = 72FFF0F51E55CB6E004C10B3 /* Main.storyboard */; };
		72FFF0F91E55CB6E004C10B3 /* Assets.xcassets in Resources */ = {isa = PBXBuildFile; fileRef = 72FFF0F81E55CB6E004C10B3 /* Assets.xcassets */; };
		72FFF0FC1E55CB6E004C10B3 /* LaunchScreen.storyboard in Resources */ = {isa = PBXBuildFile; fileRef = 72FFF0FA1E55CB6E004C10B3 /* LaunchScreen.storyboard */; };
		72FFF1071E55CB6E004C10B3 /* SwiftLabb1Tests.swift in Sources */ = {isa = PBXBuildFile; fileRef = 72FFF1061E55CB6E004C10B3 /* SwiftLabb1Tests.swift */; };
		72FFF1121E55CB6E004C10B3 /* SwiftLabb1UITests.swift in Sources */ = {isa = PBXBuildFile; fileRef = 72FFF1111E55CB6E004C10B3 /* SwiftLabb1UITests.swift */; };
		9D4324BD472CAC06BDAF7B08 /* Pods_SwiftLabb1.framework in Frameworks */ = {isa = PBXBuildFile; fileRef = 2F85B8AE5816F9DD6D56FF02 /* Pods_SwiftLabb1.framework */; };
		B797CEE4CBBDC43433B67D34 /* Pods_SwiftLabb1UITests.framework in Frameworks */ = {isa = PBXBuildFile; fileRef = 7688535A82EBB733B7AE7561 /* Pods_SwiftLabb1UITests.framework */; };
/* End PBXBuildFile section */

/* Begin PBXContainerItemProxy section */
		72FFF1031E55CB6E004C10B3 /* PBXContainerItemProxy */ = {
			isa = PBXContainerItemProxy;
			containerPortal = 72FFF0E61E55CB6E004C10B3 /* Project object */;
			proxyType = 1;
			remoteGlobalIDString = 72FFF0ED1E55CB6E004C10B3;
			remoteInfo = SwiftLabb1;
		};
		72FFF10E1E55CB6E004C10B3 /* PBXContainerItemProxy */ = {
			isa = PBXContainerItemProxy;
			containerPortal = 72FFF0E61E55CB6E004C10B3 /* Project object */;
			proxyType = 1;
			remoteGlobalIDString = 72FFF0ED1E55CB6E004C10B3;
			remoteInfo = SwiftLabb1;
		};
/* End PBXContainerItemProxy section */

/* Begin PBXFileReference section */
		10FD6075C042CFB7002156CE /* Pods_SwiftLabb1Tests.framework */ = {isa = PBXFileReference; explicitFileType = wrapper.framework; includeInIndex = 0; path = Pods_SwiftLabb1Tests.framework; sourceTree = BUILT_PRODUCTS_DIR; };
		135D4E6B614A6FBD7C1E2EE4 /* Pods-SwiftLabb1Tests.release.xcconfig */ = {isa = PBXFileReference; includeInIndex = 1; lastKnownFileType = text.xcconfig; name = "Pods-SwiftLabb1Tests.release.xcconfig"; path = "Pods/Target Support Files/Pods-SwiftLabb1Tests/Pods-SwiftLabb1Tests.release.xcconfig"; sourceTree = "<group>"; };
		2F85B8AE5816F9DD6D56FF02 /* Pods_SwiftLabb1.framework */ = {isa = PBXFileReference; explicitFileType = wrapper.framework; includeInIndex = 0; path = Pods_SwiftLabb1.framework; sourceTree = BUILT_PRODUCTS_DIR; };
		38B428011C2AB82F793D9D53 /* Pods-SwiftLabb1UITests.debug.xcconfig */ = {isa = PBXFileReference; includeInIndex = 1; lastKnownFileType = text.xcconfig; name = "Pods-SwiftLabb1UITests.debug.xcconfig"; path = "Pods/Target Support Files/Pods-SwiftLabb1UITests/Pods-SwiftLabb1UITests.debug.xcconfig"; sourceTree = "<group>"; };
		72454FC81E5B2BDF00379733 /* JSONHelper.swift */ = {isa = PBXFileReference; fileEncoding = 4; lastKnownFileType = sourcecode.swift; name = JSONHelper.swift; path = ../JSONHelper.swift; sourceTree = "<group>"; };
		72594F681E57076B00ED0812 /* SearchViewController.swift */ = {isa = PBXFileReference; fileEncoding = 4; lastKnownFileType = sourcecode.swift; path = SearchViewController.swift; sourceTree = "<group>"; };
		72594F6A1E5708FD00ED0812 /* TableViewController.swift */ = {isa = PBXFileReference; fileEncoding = 4; lastKnownFileType = sourcecode.swift; path = TableViewController.swift; sourceTree = "<group>"; };
		72FCF15E1E5C829500FA8664 /* InformationViewController.swift */ = {isa = PBXFileReference; fileEncoding = 4; lastKnownFileType = sourcecode.swift; path = InformationViewController.swift; sourceTree = "<group>"; };
		72FFF0EE1E55CB6E004C10B3 /* SwiftLabb1.app */ = {isa = PBXFileReference; explicitFileType = wrapper.application; includeInIndex = 0; path = SwiftLabb1.app; sourceTree = BUILT_PRODUCTS_DIR; };
		72FFF0F11E55CB6E004C10B3 /* AppDelegate.swift */ = {isa = PBXFileReference; lastKnownFileType = sourcecode.swift; path = AppDelegate.swift; sourceTree = "<group>"; };
		72FFF0F61E55CB6E004C10B3 /* Base */ = {isa = PBXFileReference; lastKnownFileType = file.storyboard; name = Base; path = Base.lproj/Main.storyboard; sourceTree = "<group>"; };
		72FFF0F81E55CB6E004C10B3 /* Assets.xcassets */ = {isa = PBXFileReference; lastKnownFileType = folder.assetcatalog; path = Assets.xcassets; sourceTree = "<group>"; };
		72FFF0FB1E55CB6E004C10B3 /* Base */ = {isa = PBXFileReference; lastKnownFileType = file.storyboard; name = Base; path = Base.lproj/LaunchScreen.storyboard; sourceTree = "<group>"; };
		72FFF0FD1E55CB6E004C10B3 /* Info.plist */ = {isa = PBXFileReference; lastKnownFileType = text.plist.xml; path = Info.plist; sourceTree = "<group>"; };
		72FFF1021E55CB6E004C10B3 /* SwiftLabb1Tests.xctest */ = {isa = PBXFileReference; explicitFileType = wrapper.cfbundle; includeInIndex = 0; path = SwiftLabb1Tests.xctest; sourceTree = BUILT_PRODUCTS_DIR; };
		72FFF1061E55CB6E004C10B3 /* SwiftLabb1Tests.swift */ = {isa = PBXFileReference; lastKnownFileType = sourcecode.swift; path = SwiftLabb1Tests.swift; sourceTree = "<group>"; };
		72FFF1081E55CB6E004C10B3 /* Info.plist */ = {isa = PBXFileReference; lastKnownFileType = text.plist.xml; path = Info.plist; sourceTree = "<group>"; };
		72FFF10D1E55CB6E004C10B3 /* SwiftLabb1UITests.xctest */ = {isa = PBXFileReference; explicitFileType = wrapper.cfbundle; includeInIndex = 0; path = SwiftLabb1UITests.xctest; sourceTree = BUILT_PRODUCTS_DIR; };
		72FFF1111E55CB6E004C10B3 /* SwiftLabb1UITests.swift */ = {isa = PBXFileReference; lastKnownFileType = sourcecode.swift; path = SwiftLabb1UITests.swift; sourceTree = "<group>"; };
		72FFF1131E55CB6E004C10B3 /* Info.plist */ = {isa = PBXFileReference; lastKnownFileType = text.plist.xml; path = Info.plist; sourceTree = "<group>"; };
		7688535A82EBB733B7AE7561 /* Pods_SwiftLabb1UITests.framework */ = {isa = PBXFileReference; explicitFileType = wrapper.framework; includeInIndex = 0; path = Pods_SwiftLabb1UITests.framework; sourceTree = BUILT_PRODUCTS_DIR; };
		870DCA956BEBBAC33CAC229A /* Pods-SwiftLabb1Tests.debug.xcconfig */ = {isa = PBXFileReference; includeInIndex = 1; lastKnownFileType = text.xcconfig; name = "Pods-SwiftLabb1Tests.debug.xcconfig"; path = "Pods/Target Support Files/Pods-SwiftLabb1Tests/Pods-SwiftLabb1Tests.debug.xcconfig"; sourceTree = "<group>"; };
		BD6BF8B981F9A0B09EBEA762 /* Pods-SwiftLabb1UITests.release.xcconfig */ = {isa = PBXFileReference; includeInIndex = 1; lastKnownFileType = text.xcconfig; name = "Pods-SwiftLabb1UITests.release.xcconfig"; path = "Pods/Target Support Files/Pods-SwiftLabb1UITests/Pods-SwiftLabb1UITests.release.xcconfig"; sourceTree = "<group>"; };
		CA357C9F419107E576124A41 /* Pods-SwiftLabb1.debug.xcconfig */ = {isa = PBXFileReference; includeInIndex = 1; lastKnownFileType = text.xcconfig; name = "Pods-SwiftLabb1.debug.xcconfig"; path = "Pods/Target Support Files/Pods-SwiftLabb1/Pods-SwiftLabb1.debug.xcconfig"; sourceTree = "<group>"; };
		D35929ADFAF48256B94B1346 /* Pods-SwiftLabb1.release.xcconfig */ = {isa = PBXFileReference; includeInIndex = 1; lastKnownFileType = text.xcconfig; name = "Pods-SwiftLabb1.release.xcconfig"; path = "Pods/Target Support Files/Pods-SwiftLabb1/Pods-SwiftLabb1.release.xcconfig"; sourceTree = "<group>"; };
/* End PBXFileReference section */

/* Begin PBXFrameworksBuildPhase section */
		72FFF0EB1E55CB6E004C10B3 /* Frameworks */ = {
			isa = PBXFrameworksBuildPhase;
			buildActionMask = 2147483647;
			files = (
				9D4324BD472CAC06BDAF7B08 /* Pods_SwiftLabb1.framework in Frameworks */,
			);
			runOnlyForDeploymentPostprocessing = 0;
		};
		72FFF0FF1E55CB6E004C10B3 /* Frameworks */ = {
			isa = PBXFrameworksBuildPhase;
			buildActionMask = 2147483647;
			files = (
				39FFF9146E21B31415B66868 /* Pods_SwiftLabb1Tests.framework in Frameworks */,
			);
			runOnlyForDeploymentPostprocessing = 0;
		};
		72FFF10A1E55CB6E004C10B3 /* Frameworks */ = {
			isa = PBXFrameworksBuildPhase;
			buildActionMask = 2147483647;
			files = (
				B797CEE4CBBDC43433B67D34 /* Pods_SwiftLabb1UITests.framework in Frameworks */,
			);
			runOnlyForDeploymentPostprocessing = 0;
		};
/* End PBXFrameworksBuildPhase section */

/* Begin PBXGroup section */
		116B8A4C05F26A0437958A47 /* Frameworks */ = {
			isa = PBXGroup;
			children = (
				2F85B8AE5816F9DD6D56FF02 /* Pods_SwiftLabb1.framework */,
				10FD6075C042CFB7002156CE /* Pods_SwiftLabb1Tests.framework */,
				7688535A82EBB733B7AE7561 /* Pods_SwiftLabb1UITests.framework */,
			);
			name = Frameworks;
			sourceTree = "<group>";
		};
		3FAF351E469E850D88625657 /* Pods */ = {
			isa = PBXGroup;
			children = (
				CA357C9F419107E576124A41 /* Pods-SwiftLabb1.debug.xcconfig */,
				D35929ADFAF48256B94B1346 /* Pods-SwiftLabb1.release.xcconfig */,
				870DCA956BEBBAC33CAC229A /* Pods-SwiftLabb1Tests.debug.xcconfig */,
				135D4E6B614A6FBD7C1E2EE4 /* Pods-SwiftLabb1Tests.release.xcconfig */,
				38B428011C2AB82F793D9D53 /* Pods-SwiftLabb1UITests.debug.xcconfig */,
				BD6BF8B981F9A0B09EBEA762 /* Pods-SwiftLabb1UITests.release.xcconfig */,
			);
			name = Pods;
			sourceTree = "<group>";
		};
		72FFF0E51E55CB6E004C10B3 = {
			isa = PBXGroup;
			children = (
				72FFF0F01E55CB6E004C10B3 /* SwiftLabb1 */,
				72FFF1051E55CB6E004C10B3 /* SwiftLabb1Tests */,
				72FFF1101E55CB6E004C10B3 /* SwiftLabb1UITests */,
				72FFF0EF1E55CB6E004C10B3 /* Products */,
				3FAF351E469E850D88625657 /* Pods */,
				116B8A4C05F26A0437958A47 /* Frameworks */,
			);
			sourceTree = "<group>";
		};
		72FFF0EF1E55CB6E004C10B3 /* Products */ = {
			isa = PBXGroup;
			children = (
				72FFF0EE1E55CB6E004C10B3 /* SwiftLabb1.app */,
				72FFF1021E55CB6E004C10B3 /* SwiftLabb1Tests.xctest */,
				72FFF10D1E55CB6E004C10B3 /* SwiftLabb1UITests.xctest */,
			);
			name = Products;
			sourceTree = "<group>";
		};
		72FFF0F01E55CB6E004C10B3 /* SwiftLabb1 */ = {
			isa = PBXGroup;
			children = (
				72454FC81E5B2BDF00379733 /* JSONHelper.swift */,
				72FFF0F11E55CB6E004C10B3 /* AppDelegate.swift */,
				72FFF0F51E55CB6E004C10B3 /* Main.storyboard */,
				72FFF0F81E55CB6E004C10B3 /* Assets.xcassets */,
				72FFF0FA1E55CB6E004C10B3 /* LaunchScreen.storyboard */,
				72FFF0FD1E55CB6E004C10B3 /* Info.plist */,
				72594F681E57076B00ED0812 /* SearchViewController.swift */,
				72594F6A1E5708FD00ED0812 /* TableViewController.swift */,
				72FCF15E1E5C829500FA8664 /* InformationViewController.swift */,
			);
			path = SwiftLabb1;
			sourceTree = "<group>";
		};
		72FFF1051E55CB6E004C10B3 /* SwiftLabb1Tests */ = {
			isa = PBXGroup;
			children = (
				72FFF1061E55CB6E004C10B3 /* SwiftLabb1Tests.swift */,
				72FFF1081E55CB6E004C10B3 /* Info.plist */,
			);
			path = SwiftLabb1Tests;
			sourceTree = "<group>";
		};
		72FFF1101E55CB6E004C10B3 /* SwiftLabb1UITests */ = {
			isa = PBXGroup;
			children = (
				72FFF1111E55CB6E004C10B3 /* SwiftLabb1UITests.swift */,
				72FFF1131E55CB6E004C10B3 /* Info.plist */,
			);
			path = SwiftLabb1UITests;
			sourceTree = "<group>";
		};
/* End PBXGroup section */

/* Begin PBXNativeTarget section */
		72FFF0ED1E55CB6E004C10B3 /* SwiftLabb1 */ = {
			isa = PBXNativeTarget;
			buildConfigurationList = 72FFF1161E55CB6E004C10B3 /* Build configuration list for PBXNativeTarget "SwiftLabb1" */;
			buildPhases = (
				23C0B8D1D4B0AFBB2BFC441D /* [CP] Check Pods Manifest.lock */,
				72FFF0EA1E55CB6E004C10B3 /* Sources */,
				72FFF0EB1E55CB6E004C10B3 /* Frameworks */,
				72FFF0EC1E55CB6E004C10B3 /* Resources */,
				0518A8AFA05FF56411BFC8A7 /* [CP] Embed Pods Frameworks */,
				3A922CD1AC5F64070E12A59C /* [CP] Copy Pods Resources */,
			);
			buildRules = (
			);
			dependencies = (
			);
			name = SwiftLabb1;
			productName = SwiftLabb1;
			productReference = 72FFF0EE1E55CB6E004C10B3 /* SwiftLabb1.app */;
			productType = "com.apple.product-type.application";
		};
		72FFF1011E55CB6E004C10B3 /* SwiftLabb1Tests */ = {
			isa = PBXNativeTarget;
			buildConfigurationList = 72FFF1191E55CB6E004C10B3 /* Build configuration list for PBXNativeTarget "SwiftLabb1Tests" */;
			buildPhases = (
				1073B1DB35D10E0C8932C6A9 /* [CP] Check Pods Manifest.lock */,
				72FFF0FE1E55CB6E004C10B3 /* Sources */,
				72FFF0FF1E55CB6E004C10B3 /* Frameworks */,
				72FFF1001E55CB6E004C10B3 /* Resources */,
				B03567F8D8374E2D94C9657B /* [CP] Embed Pods Frameworks */,
				05EF041BA85585CC99721B7C /* [CP] Copy Pods Resources */,
			);
			buildRules = (
			);
			dependencies = (
				72FFF1041E55CB6E004C10B3 /* PBXTargetDependency */,
			);
			name = SwiftLabb1Tests;
			productName = SwiftLabb1Tests;
			productReference = 72FFF1021E55CB6E004C10B3 /* SwiftLabb1Tests.xctest */;
			productType = "com.apple.product-type.bundle.unit-test";
		};
		72FFF10C1E55CB6E004C10B3 /* SwiftLabb1UITests */ = {
			isa = PBXNativeTarget;
			buildConfigurationList = 72FFF11C1E55CB6E004C10B3 /* Build configuration list for PBXNativeTarget "SwiftLabb1UITests" */;
			buildPhases = (
				F2B638F95A83140D58B71E76 /* [CP] Check Pods Manifest.lock */,
				72FFF1091E55CB6E004C10B3 /* Sources */,
				72FFF10A1E55CB6E004C10B3 /* Frameworks */,
				72FFF10B1E55CB6E004C10B3 /* Resources */,
				E8383CA3DFB805A6E598858B /* [CP] Embed Pods Frameworks */,
				BC0371CD0174701064F9EA4E /* [CP] Copy Pods Resources */,
			);
			buildRules = (
			);
			dependencies = (
				72FFF10F1E55CB6E004C10B3 /* PBXTargetDependency */,
			);
			name = SwiftLabb1UITests;
			productName = SwiftLabb1UITests;
			productReference = 72FFF10D1E55CB6E004C10B3 /* SwiftLabb1UITests.xctest */;
			productType = "com.apple.product-type.bundle.ui-testing";
		};
/* End PBXNativeTarget section */

/* Begin PBXProject section */
		72FFF0E61E55CB6E004C10B3 /* Project object */ = {
			isa = PBXProject;
			attributes = {
				LastSwiftUpdateCheck = 0820;
				LastUpgradeCheck = 0820;
				ORGANIZATIONNAME = "Fredrik Börjesson";
				TargetAttributes = {
					72FFF0ED1E55CB6E004C10B3 = {
						CreatedOnToolsVersion = 8.2.1;
						ProvisioningStyle = Automatic;
					};
					72FFF1011E55CB6E004C10B3 = {
						CreatedOnToolsVersion = 8.2.1;
						ProvisioningStyle = Automatic;
						TestTargetID = 72FFF0ED1E55CB6E004C10B3;
					};
					72FFF10C1E55CB6E004C10B3 = {
						CreatedOnToolsVersion = 8.2.1;
						ProvisioningStyle = Automatic;
						TestTargetID = 72FFF0ED1E55CB6E004C10B3;
					};
				};
			};
			buildConfigurationList = 72FFF0E91E55CB6E004C10B3 /* Build configuration list for PBXProject "SwiftLabb1" */;
			compatibilityVersion = "Xcode 3.2";
			developmentRegion = English;
			hasScannedForEncodings = 0;
			knownRegions = (
				en,
				Base,
			);
			mainGroup = 72FFF0E51E55CB6E004C10B3;
			productRefGroup = 72FFF0EF1E55CB6E004C10B3 /* Products */;
			projectDirPath = "";
			projectRoot = "";
			targets = (
				72FFF0ED1E55CB6E004C10B3 /* SwiftLabb1 */,
				72FFF1011E55CB6E004C10B3 /* SwiftLabb1Tests */,
				72FFF10C1E55CB6E004C10B3 /* SwiftLabb1UITests */,
			);
		};
/* End PBXProject section */

/* Begin PBXResourcesBuildPhase section */
		72FFF0EC1E55CB6E004C10B3 /* Resources */ = {
			isa = PBXResourcesBuildPhase;
			buildActionMask = 2147483647;
			files = (
				72FFF0FC1E55CB6E004C10B3 /* LaunchScreen.storyboard in Resources */,
				72FFF0F91E55CB6E004C10B3 /* Assets.xcassets in Resources */,
				72FFF0F71E55CB6E004C10B3 /* Main.storyboard in Resources */,
			);
			runOnlyForDeploymentPostprocessing = 0;
		};
		72FFF1001E55CB6E004C10B3 /* Resources */ = {
			isa = PBXResourcesBuildPhase;
			buildActionMask = 2147483647;
			files = (
			);
			runOnlyForDeploymentPostprocessing = 0;
		};
		72FFF10B1E55CB6E004C10B3 /* Resources */ = {
			isa = PBXResourcesBuildPhase;
			buildActionMask = 2147483647;
			files = (
			);
			runOnlyForDeploymentPostprocessing = 0;
		};
/* End PBXResourcesBuildPhase section */

/* Begin PBXShellScriptBuildPhase section */
		0518A8AFA05FF56411BFC8A7 /* [CP] Embed Pods Frameworks */ = {
			isa = PBXShellScriptBuildPhase;
			buildActionMask = 2147483647;
			files = (
			);
			inputPaths = (
			);
			name = "[CP] Embed Pods Frameworks";
			outputPaths = (
			);
			runOnlyForDeploymentPostprocessing = 0;
			shellPath = /bin/sh;
			shellScript = "\"${SRCROOT}/Pods/Target Support Files/Pods-SwiftLabb1/Pods-SwiftLabb1-frameworks.sh\"\n";
			showEnvVarsInLog = 0;
		};
		05EF041BA85585CC99721B7C /* [CP] Copy Pods Resources */ = {
			isa = PBXShellScriptBuildPhase;
			buildActionMask = 2147483647;
			files = (
			);
			inputPaths = (
			);
			name = "[CP] Copy Pods Resources";
			outputPaths = (
			);
			runOnlyForDeploymentPostprocessing = 0;
			shellPath = /bin/sh;
			shellScript = "\"${SRCROOT}/Pods/Target Support Files/Pods-SwiftLabb1Tests/Pods-SwiftLabb1Tests-resources.sh\"\n";
			showEnvVarsInLog = 0;
		};
		1073B1DB35D10E0C8932C6A9 /* [CP] Check Pods Manifest.lock */ = {
			isa = PBXShellScriptBuildPhase;
			buildActionMask = 2147483647;
			files = (
			);
			inputPaths = (
			);
			name = "[CP] Check Pods Manifest.lock";
			outputPaths = (
			);
			runOnlyForDeploymentPostprocessing = 0;
			shellPath = /bin/sh;
			shellScript = "diff \"${PODS_ROOT}/../Podfile.lock\" \"${PODS_ROOT}/Manifest.lock\" > /dev/null\nif [ $? != 0 ] ; then\n    # print error to STDERR\n    echo \"error: The sandbox is not in sync with the Podfile.lock. Run 'pod install' or update your CocoaPods installation.\" >&2\n    exit 1\nfi\n";
			showEnvVarsInLog = 0;
		};
		23C0B8D1D4B0AFBB2BFC441D /* [CP] Check Pods Manifest.lock */ = {
			isa = PBXShellScriptBuildPhase;
			buildActionMask = 2147483647;
			files = (
			);
			inputPaths = (
			);
			name = "[CP] Check Pods Manifest.lock";
			outputPaths = (
			);
			runOnlyForDeploymentPostprocessing = 0;
			shellPath = /bin/sh;
			shellScript = "diff \"${PODS_ROOT}/../Podfile.lock\" \"${PODS_ROOT}/Manifest.lock\" > /dev/null\nif [ $? != 0 ] ; then\n    # print error to STDERR\n    echo \"error: The sandbox is not in sync with the Podfile.lock. Run 'pod install' or update your CocoaPods installation.\" >&2\n    exit 1\nfi\n";
			showEnvVarsInLog = 0;
		};
		3A922CD1AC5F64070E12A59C /* [CP] Copy Pods Resources */ = {
			isa = PBXShellScriptBuildPhase;
			buildActionMask = 2147483647;
			files = (
			);
			inputPaths = (
			);
			name = "[CP] Copy Pods Resources";
			outputPaths = (
			);
			runOnlyForDeploymentPostprocessing = 0;
			shellPath = /bin/sh;
			shellScript = "\"${SRCROOT}/Pods/Target Support Files/Pods-SwiftLabb1/Pods-SwiftLabb1-resources.sh\"\n";
			showEnvVarsInLog = 0;
		};
		B03567F8D8374E2D94C9657B /* [CP] Embed Pods Frameworks */ = {
			isa = PBXShellScriptBuildPhase;
			buildActionMask = 2147483647;
			files = (
			);
			inputPaths = (
			);
			name = "[CP] Embed Pods Frameworks";
			outputPaths = (
			);
			runOnlyForDeploymentPostprocessing = 0;
			shellPath = /bin/sh;
			shellScript = "\"${SRCROOT}/Pods/Target Support Files/Pods-SwiftLabb1Tests/Pods-SwiftLabb1Tests-frameworks.sh\"\n";
			showEnvVarsInLog = 0;
		};
		BC0371CD0174701064F9EA4E /* [CP] Copy Pods Resources */ = {
			isa = PBXShellScriptBuildPhase;
			buildActionMask = 2147483647;
			files = (
			);
			inputPaths = (
			);
			name = "[CP] Copy Pods Resources";
			outputPaths = (
			);
			runOnlyForDeploymentPostprocessing = 0;
			shellPath = /bin/sh;
			shellScript = "\"${SRCROOT}/Pods/Target Support Files/Pods-SwiftLabb1UITests/Pods-SwiftLabb1UITests-resources.sh\"\n";
			showEnvVarsInLog = 0;
		};
		E8383CA3DFB805A6E598858B /* [CP] Embed Pods Frameworks */ = {
			isa = PBXShellScriptBuildPhase;
			buildActionMask = 2147483647;
			files = (
			);
			inputPaths = (
			);
			name = "[CP] Embed Pods Frameworks";
			outputPaths = (
			);
			runOnlyForDeploymentPostprocessing = 0;
			shellPath = /bin/sh;
			shellScript = "\"${SRCROOT}/Pods/Target Support Files/Pods-SwiftLabb1UITests/Pods-SwiftLabb1UITests-frameworks.sh\"\n";
			showEnvVarsInLog = 0;
		};
		F2B638F95A83140D58B71E76 /* [CP] Check Pods Manifest.lock */ = {
			isa = PBXShellScriptBuildPhase;
			buildActionMask = 2147483647;
			files = (
			);
			inputPaths = (
			);
			name = "[CP] Check Pods Manifest.lock";
			outputPaths = (
			);
			runOnlyForDeploymentPostprocessing = 0;
			shellPath = /bin/sh;
			shellScript = "diff \"${PODS_ROOT}/../Podfile.lock\" \"${PODS_ROOT}/Manifest.lock\" > /dev/null\nif [ $? != 0 ] ; then\n    # print error to STDERR\n    echo \"error: The sandbox is not in sync with the Podfile.lock. Run 'pod install' or update your CocoaPods installation.\" >&2\n    exit 1\nfi\n";
			showEnvVarsInLog = 0;
		};
/* End PBXShellScriptBuildPhase section */

/* Begin PBXSourcesBuildPhase section */
		72FFF0EA1E55CB6E004C10B3 /* Sources */ = {
			isa = PBXSourcesBuildPhase;
			buildActionMask = 2147483647;
			files = (
				72594F691E57076B00ED0812 /* SearchViewController.swift in Sources */,
				72454FC91E5B2BDF00379733 /* JSONHelper.swift in Sources */,
				72594F6B1E5708FD00ED0812 /* TableViewController.swift in Sources */,
				72FFF0F21E55CB6E004C10B3 /* AppDelegate.swift in Sources */,
				72FCF15F1E5C829500FA8664 /* InformationViewController.swift in Sources */,
			);
			runOnlyForDeploymentPostprocessing = 0;
		};
		72FFF0FE1E55CB6E004C10B3 /* Sources */ = {
			isa = PBXSourcesBuildPhase;
			buildActionMask = 2147483647;
			files = (
				72FFF1071E55CB6E004C10B3 /* SwiftLabb1Tests.swift in Sources */,
			);
			runOnlyForDeploymentPostprocessing = 0;
		};
		72FFF1091E55CB6E004C10B3 /* Sources */ = {
			isa = PBXSourcesBuildPhase;
			buildActionMask = 2147483647;
			files = (
				72FFF1121E55CB6E004C10B3 /* SwiftLabb1UITests.swift in Sources */,
			);
			runOnlyForDeploymentPostprocessing = 0;
		};
/* End PBXSourcesBuildPhase section */

/* Begin PBXTargetDependency section */
		72FFF1041E55CB6E004C10B3 /* PBXTargetDependency */ = {
			isa = PBXTargetDependency;
			target = 72FFF0ED1E55CB6E004C10B3 /* SwiftLabb1 */;
			targetProxy = 72FFF1031E55CB6E004C10B3 /* PBXContainerItemProxy */;
		};
		72FFF10F1E55CB6E004C10B3 /* PBXTargetDependency */ = {
			isa = PBXTargetDependency;
			target = 72FFF0ED1E55CB6E004C10B3 /* SwiftLabb1 */;
			targetProxy = 72FFF10E1E55CB6E004C10B3 /* PBXContainerItemProxy */;
		};
/* End PBXTargetDependency section */

/* Begin PBXVariantGroup section */
		72FFF0F51E55CB6E004C10B3 /* Main.storyboard */ = {
			isa = PBXVariantGroup;
			children = (
				72FFF0F61E55CB6E004C10B3 /* Base */,
			);
			name = Main.storyboard;
			sourceTree = "<group>";
		};
		72FFF0FA1E55CB6E004C10B3 /* LaunchScreen.storyboard */ = {
			isa = PBXVariantGroup;
			children = (
				72FFF0FB1E55CB6E004C10B3 /* Base */,
			);
			name = LaunchScreen.storyboard;
			sourceTree = "<group>";
		};
/* End PBXVariantGroup section */

/* Begin XCBuildConfiguration section */
		72FFF1141E55CB6E004C10B3 /* Debug */ = {
			isa = XCBuildConfiguration;
			buildSettings = {
				ALWAYS_SEARCH_USER_PATHS = NO;
				CLANG_ANALYZER_NONNULL = YES;
				CLANG_CXX_LANGUAGE_STANDARD = "gnu++0x";
				CLANG_CXX_LIBRARY = "libc++";
				CLANG_ENABLE_MODULES = YES;
				CLANG_ENABLE_OBJC_ARC = YES;
				CLANG_WARN_BOOL_CONVERSION = YES;
				CLANG_WARN_CONSTANT_CONVERSION = YES;
				CLANG_WARN_DIRECT_OBJC_ISA_USAGE = YES_ERROR;
				CLANG_WARN_DOCUMENTATION_COMMENTS = YES;
				CLANG_WARN_EMPTY_BODY = YES;
				CLANG_WARN_ENUM_CONVERSION = YES;
				CLANG_WARN_INFINITE_RECURSION = YES;
				CLANG_WARN_INT_CONVERSION = YES;
				CLANG_WARN_OBJC_ROOT_CLASS = YES_ERROR;
				CLANG_WARN_SUSPICIOUS_MOVE = YES;
				CLANG_WARN_UNREACHABLE_CODE = YES;
				CLANG_WARN__DUPLICATE_METHOD_MATCH = YES;
				"CODE_SIGN_IDENTITY[sdk=iphoneos*]" = "iPhone Developer";
				COPY_PHASE_STRIP = NO;
				DEBUG_INFORMATION_FORMAT = dwarf;
				ENABLE_STRICT_OBJC_MSGSEND = YES;
				ENABLE_TESTABILITY = YES;
				GCC_C_LANGUAGE_STANDARD = gnu99;
				GCC_DYNAMIC_NO_PIC = NO;
				GCC_NO_COMMON_BLOCKS = YES;
				GCC_OPTIMIZATION_LEVEL = 0;
				GCC_PREPROCESSOR_DEFINITIONS = (
					"DEBUG=1",
					"$(inherited)",
				);
				GCC_WARN_64_TO_32_BIT_CONVERSION = YES;
				GCC_WARN_ABOUT_RETURN_TYPE = YES_ERROR;
				GCC_WARN_UNDECLARED_SELECTOR = YES;
				GCC_WARN_UNINITIALIZED_AUTOS = YES_AGGRESSIVE;
				GCC_WARN_UNUSED_FUNCTION = YES;
				GCC_WARN_UNUSED_VARIABLE = YES;
				IPHONEOS_DEPLOYMENT_TARGET = 10.2;
				MTL_ENABLE_DEBUG_INFO = YES;
				ONLY_ACTIVE_ARCH = YES;
				SDKROOT = iphoneos;
				SWIFT_ACTIVE_COMPILATION_CONDITIONS = DEBUG;
				SWIFT_OPTIMIZATION_LEVEL = "-Onone";
			};
			name = Debug;
		};
		72FFF1151E55CB6E004C10B3 /* Release */ = {
			isa = XCBuildConfiguration;
			buildSettings = {
				ALWAYS_SEARCH_USER_PATHS = NO;
				CLANG_ANALYZER_NONNULL = YES;
				CLANG_CXX_LANGUAGE_STANDARD = "gnu++0x";
				CLANG_CXX_LIBRARY = "libc++";
				CLANG_ENABLE_MODULES = YES;
				CLANG_ENABLE_OBJC_ARC = YES;
				CLANG_WARN_BOOL_CONVERSION = YES;
				CLANG_WARN_CONSTANT_CONVERSION = YES;
				CLANG_WARN_DIRECT_OBJC_ISA_USAGE = YES_ERROR;
				CLANG_WARN_DOCUMENTATION_COMMENTS = YES;
				CLANG_WARN_EMPTY_BODY = YES;
				CLANG_WARN_ENUM_CONVERSION = YES;
				CLANG_WARN_INFINITE_RECURSION = YES;
				CLANG_WARN_INT_CONVERSION = YES;
				CLANG_WARN_OBJC_ROOT_CLASS = YES_ERROR;
				CLANG_WARN_SUSPICIOUS_MOVE = YES;
				CLANG_WARN_UNREACHABLE_CODE = YES;
				CLANG_WARN__DUPLICATE_METHOD_MATCH = YES;
				"CODE_SIGN_IDENTITY[sdk=iphoneos*]" = "iPhone Developer";
				COPY_PHASE_STRIP = NO;
				DEBUG_INFORMATION_FORMAT = "dwarf-with-dsym";
				ENABLE_NS_ASSERTIONS = NO;
				ENABLE_STRICT_OBJC_MSGSEND = YES;
				GCC_C_LANGUAGE_STANDARD = gnu99;
				GCC_NO_COMMON_BLOCKS = YES;
				GCC_WARN_64_TO_32_BIT_CONVERSION = YES;
				GCC_WARN_ABOUT_RETURN_TYPE = YES_ERROR;
				GCC_WARN_UNDECLARED_SELECTOR = YES;
				GCC_WARN_UNINITIALIZED_AUTOS = YES_AGGRESSIVE;
				GCC_WARN_UNUSED_FUNCTION = YES;
				GCC_WARN_UNUSED_VARIABLE = YES;
				IPHONEOS_DEPLOYMENT_TARGET = 10.2;
				MTL_ENABLE_DEBUG_INFO = NO;
				SDKROOT = iphoneos;
				SWIFT_OPTIMIZATION_LEVEL = "-Owholemodule";
				VALIDATE_PRODUCT = YES;
			};
			name = Release;
		};
		72FFF1171E55CB6E004C10B3 /* Debug */ = {
			isa = XCBuildConfiguration;
			baseConfigurationReference = CA357C9F419107E576124A41 /* Pods-SwiftLabb1.debug.xcconfig */;
			buildSettings = {
				ASSETCATALOG_COMPILER_APPICON_NAME = AppIcon;
				INFOPLIST_FILE = SwiftLabb1/Info.plist;
				LD_RUNPATH_SEARCH_PATHS = "$(inherited) @executable_path/Frameworks";
				PRODUCT_BUNDLE_IDENTIFIER = ITHS.SwiftLabb1;
				PRODUCT_NAME = "$(TARGET_NAME)";
				SWIFT_VERSION = 3.0;
			};
			name = Debug;
		};
		72FFF1181E55CB6E004C10B3 /* Release */ = {
			isa = XCBuildConfiguration;
			baseConfigurationReference = D35929ADFAF48256B94B1346 /* Pods-SwiftLabb1.release.xcconfig */;
			buildSettings = {
				ASSETCATALOG_COMPILER_APPICON_NAME = AppIcon;
				INFOPLIST_FILE = SwiftLabb1/Info.plist;
				LD_RUNPATH_SEARCH_PATHS = "$(inherited) @executable_path/Frameworks";
				PRODUCT_BUNDLE_IDENTIFIER = ITHS.SwiftLabb1;
				PRODUCT_NAME = "$(TARGET_NAME)";
				SWIFT_VERSION = 3.0;
			};
			name = Release;
		};
		72FFF11A1E55CB6E004C10B3 /* Debug */ = {
			isa = XCBuildConfiguration;
			baseConfigurationReference = 870DCA956BEBBAC33CAC229A /* Pods-SwiftLabb1Tests.debug.xcconfig */;
			buildSettings = {
				ALWAYS_EMBED_SWIFT_STANDARD_LIBRARIES = YES;
				BUNDLE_LOADER = "$(TEST_HOST)";
				INFOPLIST_FILE = SwiftLabb1Tests/Info.plist;
				LD_RUNPATH_SEARCH_PATHS = "$(inherited) @executable_path/Frameworks @loader_path/Frameworks";
				PRODUCT_BUNDLE_IDENTIFIER = ITHS.SwiftLabb1Tests;
				PRODUCT_NAME = "$(TARGET_NAME)";
				SWIFT_VERSION = 3.0;
				TEST_HOST = "$(BUILT_PRODUCTS_DIR)/SwiftLabb1.app/SwiftLabb1";
			};
			name = Debug;
		};
		72FFF11B1E55CB6E004C10B3 /* Release */ = {
			isa = XCBuildConfiguration;
			baseConfigurationReference = 135D4E6B614A6FBD7C1E2EE4 /* Pods-SwiftLabb1Tests.release.xcconfig */;
			buildSettings = {
				ALWAYS_EMBED_SWIFT_STANDARD_LIBRARIES = YES;
				BUNDLE_LOADER = "$(TEST_HOST)";
				INFOPLIST_FILE = SwiftLabb1Tests/Info.plist;
				LD_RUNPATH_SEARCH_PATHS = "$(inherited) @executable_path/Frameworks @loader_path/Frameworks";
				PRODUCT_BUNDLE_IDENTIFIER = ITHS.SwiftLabb1Tests;
				PRODUCT_NAME = "$(TARGET_NAME)";
				SWIFT_VERSION = 3.0;
				TEST_HOST = "$(BUILT_PRODUCTS_DIR)/SwiftLabb1.app/SwiftLabb1";
			};
			name = Release;
		};
		72FFF11D1E55CB6E004C10B3 /* Debug */ = {
			isa = XCBuildConfiguration;
			baseConfigurationReference = 38B428011C2AB82F793D9D53 /* Pods-SwiftLabb1UITests.debug.xcconfig */;
			buildSettings = {
				ALWAYS_EMBED_SWIFT_STANDARD_LIBRARIES = YES;
				INFOPLIST_FILE = SwiftLabb1UITests/Info.plist;
				LD_RUNPATH_SEARCH_PATHS = "$(inherited) @executable_path/Frameworks @loader_path/Frameworks";
				PRODUCT_BUNDLE_IDENTIFIER = ITHS.SwiftLabb1UITests;
				PRODUCT_NAME = "$(TARGET_NAME)";
				SWIFT_VERSION = 3.0;
				TEST_TARGET_NAME = SwiftLabb1;
			};
			name = Debug;
		};
		72FFF11E1E55CB6E004C10B3 /* Release */ = {
			isa = XCBuildConfiguration;
			baseConfigurationReference = BD6BF8B981F9A0B09EBEA762 /* Pods-SwiftLabb1UITests.release.xcconfig */;
			buildSettings = {
				ALWAYS_EMBED_SWIFT_STANDARD_LIBRARIES = YES;
				INFOPLIST_FILE = SwiftLabb1UITests/Info.plist;
				LD_RUNPATH_SEARCH_PATHS = "$(inherited) @executable_path/Frameworks @loader_path/Frameworks";
				PRODUCT_BUNDLE_IDENTIFIER = ITHS.SwiftLabb1UITests;
				PRODUCT_NAME = "$(TARGET_NAME)";
				SWIFT_VERSION = 3.0;
				TEST_TARGET_NAME = SwiftLabb1;
			};
			name = Release;
		};
/* End XCBuildConfiguration section */

/* Begin XCConfigurationList section */
		72FFF0E91E55CB6E004C10B3 /* Build configuration list for PBXProject "SwiftLabb1" */ = {
			isa = XCConfigurationList;
			buildConfigurations = (
				72FFF1141E55CB6E004C10B3 /* Debug */,
				72FFF1151E55CB6E004C10B3 /* Release */,
			);
			defaultConfigurationIsVisible = 0;
			defaultConfigurationName = Release;
		};
		72FFF1161E55CB6E004C10B3 /* Build configuration list for PBXNativeTarget "SwiftLabb1" */ = {
			isa = XCConfigurationList;
			buildConfigurations = (
				72FFF1171E55CB6E004C10B3 /* Debug */,
				72FFF1181E55CB6E004C10B3 /* Release */,
			);
			defaultConfigurationIsVisible = 0;
			defaultConfigurationName = Release;
		};
		72FFF1191E55CB6E004C10B3 /* Build configuration list for PBXNativeTarget "SwiftLabb1Tests" */ = {
			isa = XCConfigurationList;
			buildConfigurations = (
				72FFF11A1E55CB6E004C10B3 /* Debug */,
				72FFF11B1E55CB6E004C10B3 /* Release */,
			);
			defaultConfigurationIsVisible = 0;
			defaultConfigurationName = Release;
		};
		72FFF11C1E55CB6E004C10B3 /* Build configuration list for PBXNativeTarget "SwiftLabb1UITests" */ = {
			isa = XCConfigurationList;
			buildConfigurations = (
				72FFF11D1E55CB6E004C10B3 /* Debug */,
				72FFF11E1E55CB6E004C10B3 /* Release */,
			);
			defaultConfigurationIsVisible = 0;
			defaultConfigurationName = Release;
		};
/* End XCConfigurationList section */
	};
	rootObject = 72FFF0E61E55CB6E004C10B3 /* Project object */;
}
